
Microsoft Visual Studio Solution File, Format Version 12.00
# Visual Studio Version 17
VisualStudioVersion = 17.13.35825.156
MinimumVisualStudioVersion = 10.0.40219.1
Project("{FAE04EC0-301F-11D3-BF4B-00C04F79EFBC}") = "MiniAccountManagementSystem", "MiniAccountManagementSystem\MiniAccountManagementSystem.csproj", "{696248C5-4F59-4217-87DF-61DD6485C84A}"
EndProject
Global
	GlobalSection(SolutionConfigurationPlatforms) = preSolution
		Debug|Any CPU = Debug|Any CPU
		Release|Any CPU = Release|Any CPU
	EndGlobalSection
	GlobalSection(ProjectConfigurationPlatforms) = postSolution
		{696248C5-4F59-4217-87DF-61DD6485C84A}.Debug|Any CPU.ActiveCfg = Debug|Any CPU
		{696248C5-4F59-4217-87DF-61DD6485C84A}.Debug|Any CPU.Build.0 = Debug|Any CPU
		{696248C5-4F59-4217-87DF-61DD6485C84A}.Release|Any CPU.ActiveCfg = Release|Any CPU
		{696248C5-4F59-4217-87DF-61DD6485C84A}.Release|Any CPU.Build.0 = Release|Any CPU
	EndGlobalSection
	GlobalSection(SolutionProperties) = preSolution
		HideSolutionNode = FALSE
	EndGlobalSection
	GlobalSection(ExtensibilityGlobals) = postSolution
		SolutionGuid = {8401488A-4F17-45C1-A388-C0706C7DE934}
	EndGlobalSection
EndGlobal
